// !$*UTF8*$!
{
	archiveVersion = 1;
	classes = {
	};
	objectVersion = 48;
	objects = {

/* Begin PBXBuildFile section */
		64B95343201AD15300D9CB59 /* NVAnimationViewController.h in Headers */ = {isa = PBXBuildFile; fileRef = 64B95341201AD15300D9CB59 /* NVAnimationViewController.h */; settings = {ATTRIBUTES = (Public, ); }; };
		64B9534E201AD18300D9CB59 /* ClearColorCell.swift in Sources */ = {isa = PBXBuildFile; fileRef = 64B95349201AD18200D9CB59 /* ClearColorCell.swift */; };
		64B9534F201AD18300D9CB59 /* ClearColorCell.xib in Resources */ = {isa = PBXBuildFile; fileRef = 64B9534A201AD18200D9CB59 /* ClearColorCell.xib */; };
		64B95350201AD18300D9CB59 /* Main.storyboard in Resources */ = {isa = PBXBuildFile; fileRef = 64B9534B201AD18200D9CB59 /* Main.storyboard */; };
		64B95351201AD18300D9CB59 /* TestViewController.swift in Sources */ = {isa = PBXBuildFile; fileRef = 64B9534C201AD18200D9CB59 /* TestViewController.swift */; };
		64B95352201AD18300D9CB59 /* NVAnimationViewController.swift in Sources */ = {isa = PBXBuildFile; fileRef = 64B9534D201AD18200D9CB59 /* NVAnimationViewController.swift */; };
		64B95363201AD1AB00D9CB59 /* icon_back_white@2x.png in Resources */ = {isa = PBXBuildFile; fileRef = 64B95354201AD1AB00D9CB59 /* icon_back_white@2x.png */; };
		64B95364201AD1AB00D9CB59 /* icon_back.png in Resources */ = {isa = PBXBuildFile; fileRef = 64B95355201AD1AB00D9CB59 /* icon_back.png */; };
		64B95365201AD1AB00D9CB59 /* icon_back_white@3x.png in Resources */ = {isa = PBXBuildFile; fileRef = 64B95356201AD1AB00D9CB59 /* icon_back_white@3x.png */; };
		64B95366201AD1AB00D9CB59 /* img_restaurant02.png in Resources */ = {isa = PBXBuildFile; fileRef = 64B95357201AD1AB00D9CB59 /* img_restaurant02.png */; };
		64B95367201AD1AB00D9CB59 /* icon_back@3x.png in Resources */ = {isa = PBXBuildFile; fileRef = 64B95358201AD1AB00D9CB59 /* icon_back@3x.png */; };
		64B95368201AD1AB00D9CB59 /* img_restaurant02@2x.png in Resources */ = {isa = PBXBuildFile; fileRef = 64B95359201AD1AB00D9CB59 /* img_restaurant02@2x.png */; };
		64B95369201AD1AB00D9CB59 /* img_restaurant02@3x.png in Resources */ = {isa = PBXBuildFile; fileRef = 64B9535A201AD1AB00D9CB59 /* img_restaurant02@3x.png */; };
		64B9536A201AD1AB00D9CB59 /* icon_back@2x.png in Resources */ = {isa = PBXBuildFile; fileRef = 64B9535B201AD1AB00D9CB59 /* icon_back@2x.png */; };
		64B9536B201AD1AB00D9CB59 /* dicover_icon_rank.png in Resources */ = {isa = PBXBuildFile; fileRef = 64B9535C201AD1AB00D9CB59 /* dicover_icon_rank.png */; };
		64B9536C201AD1AB00D9CB59 /* dicover_icon_collect.png in Resources */ = {isa = PBXBuildFile; fileRef = 64B9535D201AD1AB00D9CB59 /* dicover_icon_collect.png */; };
		64B9536D201AD1AB00D9CB59 /* dicover_icon_rank@2x.png in Resources */ = {isa = PBXBuildFile; fileRef = 64B9535E201AD1AB00D9CB59 /* dicover_icon_rank@2x.png */; };
		64B9536E201AD1AB00D9CB59 /* icon_back_white.png in Resources */ = {isa = PBXBuildFile; fileRef = 64B9535F201AD1AB00D9CB59 /* icon_back_white.png */; };
		64B9536F201AD1AB00D9CB59 /* dicover_icon_collect@2x.png in Resources */ = {isa = PBXBuildFile; fileRef = 64B95360201AD1AB00D9CB59 /* dicover_icon_collect@2x.png */; };
		64B95370201AD1AB00D9CB59 /* dicover_icon_collect@3x.png in Resources */ = {isa = PBXBuildFile; fileRef = 64B95361201AD1AB00D9CB59 /* dicover_icon_collect@3x.png */; };
		64B95371201AD1AB00D9CB59 /* dicover_icon_rank@3x.png in Resources */ = {isa = PBXBuildFile; fileRef = 64B95362201AD1AB00D9CB59 /* dicover_icon_rank@3x.png */; };
		96191190713B1A32928C688B /* Pods_NVAnimationViewController.framework in Frameworks */ = {isa = PBXBuildFile; fileRef = FB590B354A68E8BE0BA002E3 /* Pods_NVAnimationViewController.framework */; };
/* End PBXBuildFile section */

/* Begin PBXFileReference section */
		64B9533E201AD15300D9CB59 /* NVAnimationViewController.framework */ = {isa = PBXFileReference; explicitFileType = wrapper.framework; includeInIndex = 0; path = NVAnimationViewController.framework; sourceTree = BUILT_PRODUCTS_DIR; };
		64B95341201AD15300D9CB59 /* NVAnimationViewController.h */ = {isa = PBXFileReference; lastKnownFileType = sourcecode.c.h; path = NVAnimationViewController.h; sourceTree = "<group>"; };
		64B95342201AD15300D9CB59 /* Info.plist */ = {isa = PBXFileReference; lastKnownFileType = text.plist.xml; path = Info.plist; sourceTree = "<group>"; };
		64B95349201AD18200D9CB59 /* ClearColorCell.swift */ = {isa = PBXFileReference; fileEncoding = 4; lastKnownFileType = sourcecode.swift; path = ClearColorCell.swift; sourceTree = "<group>"; };
		64B9534A201AD18200D9CB59 /* ClearColorCell.xib */ = {isa = PBXFileReference; fileEncoding = 4; lastKnownFileType = file.xib; path = ClearColorCell.xib; sourceTree = "<group>"; };
		64B9534B201AD18200D9CB59 /* Main.storyboard */ = {isa = PBXFileReference; fileEncoding = 4; lastKnownFileType = file.storyboard; path = Main.storyboard; sourceTree = "<group>"; };
		64B9534C201AD18200D9CB59 /* TestViewController.swift */ = {isa = PBXFileReference; fileEncoding = 4; lastKnownFileType = sourcecode.swift; path = TestViewController.swift; sourceTree = "<group>"; };
		64B9534D201AD18200D9CB59 /* NVAnimationViewController.swift */ = {isa = PBXFileReference; fileEncoding = 4; lastKnownFileType = sourcecode.swift; path = NVAnimationViewController.swift; sourceTree = "<group>"; };
		64B95354201AD1AB00D9CB59 /* icon_back_white@2x.png */ = {isa = PBXFileReference; lastKnownFileType = image.png; path = "icon_back_white@2x.png"; sourceTree = "<group>"; };
		64B95355201AD1AB00D9CB59 /* icon_back.png */ = {isa = PBXFileReference; lastKnownFileType = image.png; path = icon_back.png; sourceTree = "<group>"; };
		64B95356201AD1AB00D9CB59 /* icon_back_white@3x.png */ = {isa = PBXFileReference; lastKnownFileType = image.png; path = "icon_back_white@3x.png"; sourceTree = "<group>"; };
		64B95357201AD1AB00D9CB59 /* img_restaurant02.png */ = {isa = PBXFileReference; lastKnownFileType = image.png; path = img_restaurant02.png; sourceTree = "<group>"; };
		64B95358201AD1AB00D9CB59 /* icon_back@3x.png */ = {isa = PBXFileReference; lastKnownFileType = image.png; path = "icon_back@3x.png"; sourceTree = "<group>"; };
		64B95359201AD1AB00D9CB59 /* img_restaurant02@2x.png */ = {isa = PBXFileReference; lastKnownFileType = image.png; path = "img_restaurant02@2x.png"; sourceTree = "<group>"; };
		64B9535A201AD1AB00D9CB59 /* img_restaurant02@3x.png */ = {isa = PBXFileReference; lastKnownFileType = image.png; path = "img_restaurant02@3x.png"; sourceTree = "<group>"; };
		64B9535B201AD1AB00D9CB59 /* icon_back@2x.png */ = {isa = PBXFileReference; lastKnownFileType = image.png; path = "icon_back@2x.png"; sourceTree = "<group>"; };
		64B9535C201AD1AB00D9CB59 /* dicover_icon_rank.png */ = {isa = PBXFileReference; lastKnownFileType = image.png; path = dicover_icon_rank.png; sourceTree = "<group>"; };
		64B9535D201AD1AB00D9CB59 /* dicover_icon_collect.png */ = {isa = PBXFileReference; lastKnownFileType = image.png; path = dicover_icon_collect.png; sourceTree = "<group>"; };
		64B9535E201AD1AB00D9CB59 /* dicover_icon_rank@2x.png */ = {isa = PBXFileReference; lastKnownFileType = image.png; path = "dicover_icon_rank@2x.png"; sourceTree = "<group>"; };
		64B9535F201AD1AB00D9CB59 /* icon_back_white.png */ = {isa = PBXFileReference; lastKnownFileType = image.png; path = icon_back_white.png; sourceTree = "<group>"; };
		64B95360201AD1AB00D9CB59 /* dicover_icon_collect@2x.png */ = {isa = PBXFileReference; lastKnownFileType = image.png; path = "dicover_icon_collect@2x.png"; sourceTree = "<group>"; };
		64B95361201AD1AB00D9CB59 /* dicover_icon_collect@3x.png */ = {isa = PBXFileReference; lastKnownFileType = image.png; path = "dicover_icon_collect@3x.png"; sourceTree = "<group>"; };
		64B95362201AD1AB00D9CB59 /* dicover_icon_rank@3x.png */ = {isa = PBXFileReference; lastKnownFileType = image.png; path = "dicover_icon_rank@3x.png"; sourceTree = "<group>"; };
		EFB13D9F07CC3C20BEFAF0B3 /* Pods-NVAnimationViewController.release.xcconfig */ = {isa = PBXFileReference; includeInIndex = 1; lastKnownFileType = text.xcconfig; name = "Pods-NVAnimationViewController.release.xcconfig"; path = "Pods/Target Support Files/Pods-NVAnimationViewController/Pods-NVAnimationViewController.release.xcconfig"; sourceTree = "<group>"; };
		F47BE8AE5D59C63C3DB8EAC4 /* Pods-NVAnimationViewController.debug.xcconfig */ = {isa = PBXFileReference; includeInIndex = 1; lastKnownFileType = text.xcconfig; name = "Pods-NVAnimationViewController.debug.xcconfig"; path = "Pods/Target Support Files/Pods-NVAnimationViewController/Pods-NVAnimationViewController.debug.xcconfig"; sourceTree = "<group>"; };
		FB590B354A68E8BE0BA002E3 /* Pods_NVAnimationViewController.framework */ = {isa = PBXFileReference; explicitFileType = wrapper.framework; includeInIndex = 0; path = Pods_NVAnimationViewController.framework; sourceTree = BUILT_PRODUCTS_DIR; };
/* End PBXFileReference section */

/* Begin PBXFrameworksBuildPhase section */
		64B9533A201AD15300D9CB59 /* Frameworks */ = {
			isa = PBXFrameworksBuildPhase;
			buildActionMask = 2147483647;
			files = (
				96191190713B1A32928C688B /* Pods_NVAnimationViewController.framework in Frameworks */,
			);
			runOnlyForDeploymentPostprocessing = 0;
		};
/* End PBXFrameworksBuildPhase section */

/* Begin PBXGroup section */
		64B95334201AD15300D9CB59 = {
			isa = PBXGroup;
			children = (
				64B95340201AD15300D9CB59 /* NVAnimationViewController */,
				64B9533F201AD15300D9CB59 /* Products */,
				6AF7168201CE66B7AB2B798C /* Pods */,
				D52B7E797AA70C9215985E16 /* Frameworks */,
			);
			sourceTree = "<group>";
		};
		64B9533F201AD15300D9CB59 /* Products */ = {
			isa = PBXGroup;
			children = (
				64B9533E201AD15300D9CB59 /* NVAnimationViewController.framework */,
			);
			name = Products;
			sourceTree = "<group>";
		};
		64B95340201AD15300D9CB59 /* NVAnimationViewController */ = {
			isa = PBXGroup;
			children = (
				64B95353201AD1AB00D9CB59 /* image */,
				64B95341201AD15300D9CB59 /* NVAnimationViewController.h */,
				64B95349201AD18200D9CB59 /* ClearColorCell.swift */,
				64B9534A201AD18200D9CB59 /* ClearColorCell.xib */,
				64B9534B201AD18200D9CB59 /* Main.storyboard */,
				64B9534D201AD18200D9CB59 /* NVAnimationViewController.swift */,
				64B9534C201AD18200D9CB59 /* TestViewController.swift */,
				64B95342201AD15300D9CB59 /* Info.plist */,
			);
			path = NVAnimationViewController;
			sourceTree = "<group>";
		};
		64B95353201AD1AB00D9CB59 /* image */ = {
			isa = PBXGroup;
			children = (
				64B95354201AD1AB00D9CB59 /* icon_back_white@2x.png */,
				64B95355201AD1AB00D9CB59 /* icon_back.png */,
				64B95356201AD1AB00D9CB59 /* icon_back_white@3x.png */,
				64B95357201AD1AB00D9CB59 /* img_restaurant02.png */,
				64B95358201AD1AB00D9CB59 /* icon_back@3x.png */,
				64B95359201AD1AB00D9CB59 /* img_restaurant02@2x.png */,
				64B9535A201AD1AB00D9CB59 /* img_restaurant02@3x.png */,
				64B9535B201AD1AB00D9CB59 /* icon_back@2x.png */,
				64B9535C201AD1AB00D9CB59 /* dicover_icon_rank.png */,
				64B9535D201AD1AB00D9CB59 /* dicover_icon_collect.png */,
				64B9535E201AD1AB00D9CB59 /* dicover_icon_rank@2x.png */,
				64B9535F201AD1AB00D9CB59 /* icon_back_white.png */,
				64B95360201AD1AB00D9CB59 /* dicover_icon_collect@2x.png */,
				64B95361201AD1AB00D9CB59 /* dicover_icon_collect@3x.png */,
				64B95362201AD1AB00D9CB59 /* dicover_icon_rank@3x.png */,
			);
			path = image;
			sourceTree = "<group>";
		};
		6AF7168201CE66B7AB2B798C /* Pods */ = {
			isa = PBXGroup;
			children = (
				F47BE8AE5D59C63C3DB8EAC4 /* Pods-NVAnimationViewController.debug.xcconfig */,
				EFB13D9F07CC3C20BEFAF0B3 /* Pods-NVAnimationViewController.release.xcconfig */,
			);
			name = Pods;
			sourceTree = "<group>";
		};
		D52B7E797AA70C9215985E16 /* Frameworks */ = {
			isa = PBXGroup;
			children = (
				FB590B354A68E8BE0BA002E3 /* Pods_NVAnimationViewController.framework */,
			);
			name = Frameworks;
			sourceTree = "<group>";
		};
/* End PBXGroup section */

/* Begin PBXHeadersBuildPhase section */
		64B9533B201AD15300D9CB59 /* Headers */ = {
			isa = PBXHeadersBuildPhase;
			buildActionMask = 2147483647;
			files = (
				64B95343201AD15300D9CB59 /* NVAnimationViewController.h in Headers */,
			);
			runOnlyForDeploymentPostprocessing = 0;
		};
/* End PBXHeadersBuildPhase section */

/* Begin PBXNativeTarget section */
		64B9533D201AD15300D9CB59 /* NVAnimationViewController */ = {
			isa = PBXNativeTarget;
			buildConfigurationList = 64B95346201AD15300D9CB59 /* Build configuration list for PBXNativeTarget "NVAnimationViewController" */;
			buildPhases = (
				5713FFB732D3EC76C9E6CE63 /* [CP] Check Pods Manifest.lock */,
				64B95339201AD15300D9CB59 /* Sources */,
				64B9533A201AD15300D9CB59 /* Frameworks */,
				64B9533B201AD15300D9CB59 /* Headers */,
				64B9533C201AD15300D9CB59 /* Resources */,
				76886A82BA0292AAFC0A5C79 /* [CP] Copy Pods Resources */,
			);
			buildRules = (
			);
			dependencies = (
			);
			name = NVAnimationViewController;
			productName = NVAnimationViewController;
			productReference = 64B9533E201AD15300D9CB59 /* NVAnimationViewController.framework */;
			productType = "com.apple.product-type.framework";
		};
/* End PBXNativeTarget section */

/* Begin PBXProject section */
		64B95335201AD15300D9CB59 /* Project object */ = {
			isa = PBXProject;
			attributes = {
				LastUpgradeCheck = 0920;
				ORGANIZATIONNAME = larvata.YC;
				TargetAttributes = {
					64B9533D201AD15300D9CB59 = {
						CreatedOnToolsVersion = 9.2;
						LastSwiftMigration = 0920;
						ProvisioningStyle = Automatic;
					};
				};
			};
			buildConfigurationList = 64B95338201AD15300D9CB59 /* Build configuration list for PBXProject "NVAnimationViewController" */;
			compatibilityVersion = "Xcode 8.0";
			developmentRegion = en;
			hasScannedForEncodings = 0;
			knownRegions = (
				en,
			);
			mainGroup = 64B95334201AD15300D9CB59;
			productRefGroup = 64B9533F201AD15300D9CB59 /* Products */;
			projectDirPath = "";
			projectRoot = "";
			targets = (
				64B9533D201AD15300D9CB59 /* NVAnimationViewController */,
			);
		};
/* End PBXProject section */

/* Begin PBXResourcesBuildPhase section */
		64B9533C201AD15300D9CB59 /* Resources */ = {
			isa = PBXResourcesBuildPhase;
			buildActionMask = 2147483647;
			files = (
				64B9536F201AD1AB00D9CB59 /* dicover_icon_collect@2x.png in Resources */,
				64B95365201AD1AB00D9CB59 /* icon_back_white@3x.png in Resources */,
				64B95370201AD1AB00D9CB59 /* dicover_icon_collect@3x.png in Resources */,
				64B95363201AD1AB00D9CB59 /* icon_back_white@2x.png in Resources */,
				64B95364201AD1AB00D9CB59 /* icon_back.png in Resources */,
				64B95369201AD1AB00D9CB59 /* img_restaurant02@3x.png in Resources */,
				64B9536C201AD1AB00D9CB59 /* dicover_icon_collect.png in Resources */,
				64B9536A201AD1AB00D9CB59 /* icon_back@2x.png in Resources */,
				64B95368201AD1AB00D9CB59 /* img_restaurant02@2x.png in Resources */,
				64B9534F201AD18300D9CB59 /* ClearColorCell.xib in Resources */,
				64B9536B201AD1AB00D9CB59 /* dicover_icon_rank.png in Resources */,
				64B9536D201AD1AB00D9CB59 /* dicover_icon_rank@2x.png in Resources */,
				64B95366201AD1AB00D9CB59 /* img_restaurant02.png in Resources */,
				64B95367201AD1AB00D9CB59 /* icon_back@3x.png in Resources */,
				64B95371201AD1AB00D9CB59 /* dicover_icon_rank@3x.png in Resources */,
				64B95350201AD18300D9CB59 /* Main.storyboard in Resources */,
				64B9536E201AD1AB00D9CB59 /* icon_back_white.png in Resources */,
			);
			runOnlyForDeploymentPostprocessing = 0;
		};
/* End PBXResourcesBuildPhase section */

/* Begin PBXShellScriptBuildPhase section */
		5713FFB732D3EC76C9E6CE63 /* [CP] Check Pods Manifest.lock */ = {
			isa = PBXShellScriptBuildPhase;
			buildActionMask = 2147483647;
			files = (
			);
			inputPaths = (
				"${PODS_PODFILE_DIR_PATH}/Podfile.lock",
				"${PODS_ROOT}/Manifest.lock",
			);
			name = "[CP] Check Pods Manifest.lock";
			outputPaths = (
				"$(DERIVED_FILE_DIR)/Pods-NVAnimationViewController-checkManifestLockResult.txt",
			);
			runOnlyForDeploymentPostprocessing = 0;
			shellPath = /bin/sh;
			shellScript = "diff \"${PODS_PODFILE_DIR_PATH}/Podfile.lock\" \"${PODS_ROOT}/Manifest.lock\" > /dev/null\nif [ $? != 0 ] ; then\n    # print error to STDERR\n    echo \"error: The sandbox is not in sync with the Podfile.lock. Run 'pod install' or update your CocoaPods installation.\" >&2\n    exit 1\nfi\n# This output is used by Xcode 'outputs' to avoid re-running this script phase.\necho \"SUCCESS\" > \"${SCRIPT_OUTPUT_FILE_0}\"\n";
			showEnvVarsInLog = 0;
		};
		76886A82BA0292AAFC0A5C79 /* [CP] Copy Pods Resources */ = {
			isa = PBXShellScriptBuildPhase;
			buildActionMask = 2147483647;
			files = (
			);
			inputFileListPaths = (
			);
			inputPaths = (
			);
			name = "[CP] Copy Pods Resources";
			outputFileListPaths = (
			);
			outputPaths = (
			);
			runOnlyForDeploymentPostprocessing = 0;
			shellPath = /bin/sh;
			shellScript = "\"${SRCROOT}/Pods/Target Support Files/Pods-NVAnimationViewController/Pods-NVAnimationViewController-resources.sh\"\n";
			showEnvVarsInLog = 0;
		};
/* End PBXShellScriptBuildPhase section */

/* Begin PBXSourcesBuildPhase section */
		64B95339201AD15300D9CB59 /* Sources */ = {
			isa = PBXSourcesBuildPhase;
			buildActionMask = 2147483647;
			files = (
				64B95351201AD18300D9CB59 /* TestViewController.swift in Sources */,
				64B9534E201AD18300D9CB59 /* ClearColorCell.swift in Sources */,
				64B95352201AD18300D9CB59 /* NVAnimationViewController.swift in Sources */,
			);
			runOnlyForDeploymentPostprocessing = 0;
		};
/* End PBXSourcesBuildPhase section */

/* Begin XCBuildConfiguration section */
		64B95344201AD15300D9CB59 /* Debug */ = {
			isa = XCBuildConfiguration;
			buildSettings = {
				ALWAYS_SEARCH_USER_PATHS = NO;
				CLANG_ANALYZER_NONNULL = YES;
				CLANG_ANALYZER_NUMBER_OBJECT_CONVERSION = YES_AGGRESSIVE;
				CLANG_CXX_LANGUAGE_STANDARD = "gnu++14";
				CLANG_CXX_LIBRARY = "libc++";
				CLANG_ENABLE_MODULES = YES;
				CLANG_ENABLE_OBJC_ARC = YES;
				CLANG_WARN_BLOCK_CAPTURE_AUTORELEASING = YES;
				CLANG_WARN_BOOL_CONVERSION = YES;
				CLANG_WARN_COMMA = YES;
				CLANG_WARN_CONSTANT_CONVERSION = YES;
				CLANG_WARN_DIRECT_OBJC_ISA_USAGE = YES_ERROR;
				CLANG_WARN_DOCUMENTATION_COMMENTS = YES;
				CLANG_WARN_EMPTY_BODY = YES;
				CLANG_WARN_ENUM_CONVERSION = YES;
				CLANG_WARN_INFINITE_RECURSION = YES;
				CLANG_WARN_INT_CONVERSION = YES;
				CLANG_WARN_NON_LITERAL_NULL_CONVERSION = YES;
				CLANG_WARN_OBJC_LITERAL_CONVERSION = YES;
				CLANG_WARN_OBJC_ROOT_CLASS = YES_ERROR;
				CLANG_WARN_RANGE_LOOP_ANALYSIS = YES;
				CLANG_WARN_STRICT_PROTOTYPES = YES;
				CLANG_WARN_SUSPICIOUS_MOVE = YES;
				CLANG_WARN_UNGUARDED_AVAILABILITY = YES_AGGRESSIVE;
				CLANG_WARN_UNREACHABLE_CODE = YES;
				CLANG_WARN__DUPLICATE_METHOD_MATCH = YES;
				CODE_SIGN_IDENTITY = "iPhone Developer";
				COPY_PHASE_STRIP = NO;
				CURRENT_PROJECT_VERSION = 1;
				DEBUG_INFORMATION_FORMAT = dwarf;
				ENABLE_STRICT_OBJC_MSGSEND = YES;
				ENABLE_TESTABILITY = YES;
				GCC_C_LANGUAGE_STANDARD = gnu11;
				GCC_DYNAMIC_NO_PIC = NO;
				GCC_NO_COMMON_BLOCKS = YES;
				GCC_OPTIMIZATION_LEVEL = 0;
				GCC_PREPROCESSOR_DEFINITIONS = (
					"DEBUG=1",
					"$(inherited)",
				);
				GCC_WARN_64_TO_32_BIT_CONVERSION = YES;
				GCC_WARN_ABOUT_RETURN_TYPE = YES_ERROR;
				GCC_WARN_UNDECLARED_SELECTOR = YES;
				GCC_WARN_UNINITIALIZED_AUTOS = YES_AGGRESSIVE;
				GCC_WARN_UNUSED_FUNCTION = YES;
				GCC_WARN_UNUSED_VARIABLE = YES;
				IPHONEOS_DEPLOYMENT_TARGET = 11.2;
				MTL_ENABLE_DEBUG_INFO = YES;
				ONLY_ACTIVE_ARCH = YES;
				SDKROOT = iphoneos;
				SWIFT_ACTIVE_COMPILATION_CONDITIONS = DEBUG;
				SWIFT_OPTIMIZATION_LEVEL = "-Onone";
				VERSIONING_SYSTEM = "apple-generic";
				VERSION_INFO_PREFIX = "";
			};
			name = Debug;
		};
		64B95345201AD15300D9CB59 /* Release */ = {
			isa = XCBuildConfiguration;
			buildSettings = {
				ALWAYS_SEARCH_USER_PATHS = NO;
				CLANG_ANALYZER_NONNULL = YES;
				CLANG_ANALYZER_NUMBER_OBJECT_CONVERSION = YES_AGGRESSIVE;
				CLANG_CXX_LANGUAGE_STANDARD = "gnu++14";
				CLANG_CXX_LIBRARY = "libc++";
				CLANG_ENABLE_MODULES = YES;
				CLANG_ENABLE_OBJC_ARC = YES;
				CLANG_WARN_BLOCK_CAPTURE_AUTORELEASING = YES;
				CLANG_WARN_BOOL_CONVERSION = YES;
				CLANG_WARN_COMMA = YES;
				CLANG_WARN_CONSTANT_CONVERSION = YES;
				CLANG_WARN_DIRECT_OBJC_ISA_USAGE = YES_ERROR;
				CLANG_WARN_DOCUMENTATION_COMMENTS = YES;
				CLANG_WARN_EMPTY_BODY = YES;
				CLANG_WARN_ENUM_CONVERSION = YES;
				CLANG_WARN_INFINITE_RECURSION = YES;
				CLANG_WARN_INT_CONVERSION = YES;
				CLANG_WARN_NON_LITERAL_NULL_CONVERSION = YES;
				CLANG_WARN_OBJC_LITERAL_CONVERSION = YES;
				CLANG_WARN_OBJC_ROOT_CLASS = YES_ERROR;
				CLANG_WARN_RANGE_LOOP_ANALYSIS = YES;
				CLANG_WARN_STRICT_PROTOTYPES = YES;
				CLANG_WARN_SUSPICIOUS_MOVE = YES;
				CLANG_WARN_UNGUARDED_AVAILABILITY = YES_AGGRESSIVE;
				CLANG_WARN_UNREACHABLE_CODE = YES;
				CLANG_WARN__DUPLICATE_METHOD_MATCH = YES;
				CODE_SIGN_IDENTITY = "iPhone Developer";
				COPY_PHASE_STRIP = NO;
				CURRENT_PROJECT_VERSION = 1;
				DEBUG_INFORMATION_FORMAT = "dwarf-with-dsym";
				ENABLE_NS_ASSERTIONS = NO;
				ENABLE_STRICT_OBJC_MSGSEND = YES;
				GCC_C_LANGUAGE_STANDARD = gnu11;
				GCC_NO_COMMON_BLOCKS = YES;
				GCC_WARN_64_TO_32_BIT_CONVERSION = YES;
				GCC_WARN_ABOUT_RETURN_TYPE = YES_ERROR;
				GCC_WARN_UNDECLARED_SELECTOR = YES;
				GCC_WARN_UNINITIALIZED_AUTOS = YES_AGGRESSIVE;
				GCC_WARN_UNUSED_FUNCTION = YES;
				GCC_WARN_UNUSED_VARIABLE = YES;
				IPHONEOS_DEPLOYMENT_TARGET = 11.2;
				MTL_ENABLE_DEBUG_INFO = NO;
				SDKROOT = iphoneos;
				SWIFT_OPTIMIZATION_LEVEL = "-Owholemodule";
				VALIDATE_PRODUCT = YES;
				VERSIONING_SYSTEM = "apple-generic";
				VERSION_INFO_PREFIX = "";
			};
			name = Release;
		};
		64B95347201AD15300D9CB59 /* Debug */ = {
			isa = XCBuildConfiguration;
			baseConfigurationReference = F47BE8AE5D59C63C3DB8EAC4 /* Pods-NVAnimationViewController.debug.xcconfig */;
			buildSettings = {
				CLANG_ENABLE_MODULES = YES;
				CODE_SIGN_IDENTITY = "";
				CODE_SIGN_STYLE = Automatic;
				DEFINES_MODULE = YES;
				DEVELOPMENT_TEAM = W7P4CAWH77;
				DYLIB_COMPATIBILITY_VERSION = 1;
				DYLIB_CURRENT_VERSION = 1;
				DYLIB_INSTALL_NAME_BASE = "@rpath";
				INFOPLIST_FILE = NVAnimationViewController/Info.plist;
				INSTALL_PATH = "$(LOCAL_LIBRARY_DIR)/Frameworks";
				IPHONEOS_DEPLOYMENT_TARGET = 10.0;
				LD_RUNPATH_SEARCH_PATHS = "$(inherited) @executable_path/Frameworks @loader_path/Frameworks";
				PRODUCT_BUNDLE_IDENTIFIER = com.larvata.YC.NVAnimationViewController;
				PRODUCT_NAME = "$(TARGET_NAME:c99extidentifier)";
				SKIP_INSTALL = YES;
				SWIFT_OPTIMIZATION_LEVEL = "-Onone";
				SWIFT_VERSION = 3.0;
				TARGETED_DEVICE_FAMILY = "1,2";
			};
			name = Debug;
		};
		64B95348201AD15300D9CB59 /* Release */ = {
			isa = XCBuildConfiguration;
			baseConfigurationReference = EFB13D9F07CC3C20BEFAF0B3 /* Pods-NVAnimationViewController.release.xcconfig */;
			buildSettings = {
				CLANG_ENABLE_MODULES = YES;
				CODE_SIGN_IDENTITY = "";
				CODE_SIGN_STYLE = Automatic;
				DEFINES_MODULE = YES;
				DEVELOPMENT_TEAM = W7P4CAWH77;
				DYLIB_COMPATIBILITY_VERSION = 1;
				DYLIB_CURRENT_VERSION = 1;
				DYLIB_INSTALL_NAME_BASE = "@rpath";
				INFOPLIST_FILE = NVAnimationViewController/Info.plist;
				INSTALL_PATH = "$(LOCAL_LIBRARY_DIR)/Frameworks";
				IPHONEOS_DEPLOYMENT_TARGET = 10.0;
				LD_RUNPATH_SEARCH_PATHS = "$(inherited) @executable_path/Frameworks @loader_path/Frameworks";
				PRODUCT_BUNDLE_IDENTIFIER = com.larvata.YC.NVAnimationViewController;
				PRODUCT_NAME = "$(TARGET_NAME:c99extidentifier)";
				SKIP_INSTALL = YES;
				SWIFT_VERSION = 3.0;
				TARGETED_DEVICE_FAMILY = "1,2";
			};
			name = Release;
		};
/* End XCBuildConfiguration section */

/* Begin XCConfigurationList section */
		64B95338201AD15300D9CB59 /* Build configuration list for PBXProject "NVAnimationViewController" */ = {
			isa = XCConfigurationList;
			buildConfigurations = (
				64B95344201AD15300D9CB59 /* Debug */,
				64B95345201AD15300D9CB59 /* Release */,
			);
			defaultConfigurationIsVisible = 0;
			defaultConfigurationName = Release;
		};
		64B95346201AD15300D9CB59 /* Build configuration list for PBXNativeTarget "NVAnimationViewController" */ = {
			isa = XCConfigurationList;
			buildConfigurations = (
				64B95347201AD15300D9CB59 /* Debug */,
				64B95348201AD15300D9CB59 /* Release */,
			);
			defaultConfigurationIsVisible = 0;
			defaultConfigurationName = Release;
		};
/* End XCConfigurationList section */
	};
	rootObject = 64B95335201AD15300D9CB59 /* Project object */;
}
